
Microsoft Visual Studio Solution File, Format Version 12.00
# Visual Studio Version 16
VisualStudioVersion = 16.0.30114.105
MinimumVisualStudioVersion = 10.0.40219.1
Project("{8BC9CEB8-8B4A-11D0-8D11-00A0C91BC942}") = "ALL_BUILD", "ALL_BUILD.vcxproj", "{3524B678-05EF-3CA3-88D8-ADFDD90F6086}"
	ProjectSection(ProjectDependencies) = postProject
		{D7B1DD99-4D04-3851-AEBD-31EC3AEAA308} = {D7B1DD99-4D04-3851-AEBD-31EC3AEAA308}
		{39FC0C15-170A-3E3F-8892-C0AA0F5925E0} = {39FC0C15-170A-3E3F-8892-C0AA0F5925E0}
	EndProjectSection
EndProject
Project("{8BC9CEB8-8B4A-11D0-8D11-00A0C91BC942}") = "ZERO_CHECK", "ZERO_CHECK.vcxproj", "{D7B1DD99-4D04-3851-AEBD-31EC3AEAA308}"
EndProject
Project("{8BC9CEB8-8B4A-11D0-8D11-00A0C91BC942}") = "controlgallery", "examples\controlgallery.vcxproj", "{421B4F1A-512A-34CE-8BD7-4691F72E3553}"
	ProjectSection(ProjectDependencies) = postProject
		{D7B1DD99-4D04-3851-AEBD-31EC3AEAA308} = {D7B1DD99-4D04-3851-AEBD-31EC3AEAA308}
		{39FC0C15-170A-3E3F-8892-C0AA0F5925E0} = {39FC0C15-170A-3E3F-8892-C0AA0F5925E0}
	EndProjectSection
EndProject
Project("{8BC9CEB8-8B4A-11D0-8D11-00A0C91BC942}") = "cpp-multithread", "examples\cpp-multithread.vcxproj", "{885D7919-7651-3D17-B495-A06830F6F701}"
	ProjectSection(ProjectDependencies) = postProject
		{D7B1DD99-4D04-3851-AEBD-31EC3AEAA308} = {D7B1DD99-4D04-3851-AEBD-31EC3AEAA308}
		{39FC0C15-170A-3E3F-8892-C0AA0F5925E0} = {39FC0C15-170A-3E3F-8892-C0AA0F5925E0}
	EndProjectSection
EndProject
Project("{8BC9CEB8-8B4A-11D0-8D11-00A0C91BC942}") = "datetime", "examples\datetime.vcxproj", "{94B95AC1-8A6B-35CD-8D7B-5BA15FD86D04}"
	ProjectSection(ProjectDependencies) = postProject
		{D7B1DD99-4D04-3851-AEBD-31EC3AEAA308} = {D7B1DD99-4D04-3851-AEBD-31EC3AEAA308}
		{39FC0C15-170A-3E3F-8892-C0AA0F5925E0} = {39FC0C15-170A-3E3F-8892-C0AA0F5925E0}
	EndProjectSection
EndProject
Project("{8BC9CEB8-8B4A-11D0-8D11-00A0C91BC942}") = "drawtext", "examples\drawtext.vcxproj", "{843F209D-0837-3890-94C5-53BB3DEC22A6}"
	ProjectSection(ProjectDependencies) = postProject
		{D7B1DD99-4D04-3851-AEBD-31EC3AEAA308} = {D7B1DD99-4D04-3851-AEBD-31EC3AEAA308}
		{39FC0C15-170A-3E3F-8892-C0AA0F5925E0} = {39FC0C15-170A-3E3F-8892-C0AA0F5925E0}
	EndProjectSection
EndProject
Project("{8BC9CEB8-8B4A-11D0-8D11-00A0C91BC942}") = "examples", "examples\examples.vcxproj", "{96C8B5CB-FBD9-3F78-999D-C519BFF06C8A}"
	ProjectSection(ProjectDependencies) = postProject
		{D7B1DD99-4D04-3851-AEBD-31EC3AEAA308} = {D7B1DD99-4D04-3851-AEBD-31EC3AEAA308}
		{421B4F1A-512A-34CE-8BD7-4691F72E3553} = {421B4F1A-512A-34CE-8BD7-4691F72E3553}
		{885D7919-7651-3D17-B495-A06830F6F701} = {885D7919-7651-3D17-B495-A06830F6F701}
		{94B95AC1-8A6B-35CD-8D7B-5BA15FD86D04} = {94B95AC1-8A6B-35CD-8D7B-5BA15FD86D04}
		{843F209D-0837-3890-94C5-53BB3DEC22A6} = {843F209D-0837-3890-94C5-53BB3DEC22A6}
		{1C3FE3F6-27F2-39E4-9101-BE46A3F3F1C0} = {1C3FE3F6-27F2-39E4-9101-BE46A3F3F1C0}
		{44467261-9CC3-3295-B561-F7E81ABDB076} = {44467261-9CC3-3295-B561-F7E81ABDB076}
	EndProjectSection
EndProject
Project("{8BC9CEB8-8B4A-11D0-8D11-00A0C91BC942}") = "histogram", "examples\histogram.vcxproj", "{1C3FE3F6-27F2-39E4-9101-BE46A3F3F1C0}"
	ProjectSection(ProjectDependencies) = postProject
		{D7B1DD99-4D04-3851-AEBD-31EC3AEAA308} = {D7B1DD99-4D04-3851-AEBD-31EC3AEAA308}
		{39FC0C15-170A-3E3F-8892-C0AA0F5925E0} = {39FC0C15-170A-3E3F-8892-C0AA0F5925E0}
	EndProjectSection
EndProject
Project("{8BC9CEB8-8B4A-11D0-8D11-00A0C91BC942}") = "libui", "libui.vcxproj", "{39FC0C15-170A-3E3F-8892-C0AA0F5925E0}"
	ProjectSection(ProjectDependencies) = postProject
		{D7B1DD99-4D04-3851-AEBD-31EC3AEAA308} = {D7B1DD99-4D04-3851-AEBD-31EC3AEAA308}
	EndProjectSection
EndProject
Project("{8BC9CEB8-8B4A-11D0-8D11-00A0C91BC942}") = "tester", "test\tester.vcxproj", "{069A04A5-BF9E-3F14-8DED-CA3B5FDF9980}"
	ProjectSection(ProjectDependencies) = postProject
		{D7B1DD99-4D04-3851-AEBD-31EC3AEAA308} = {D7B1DD99-4D04-3851-AEBD-31EC3AEAA308}
		{39FC0C15-170A-3E3F-8892-C0AA0F5925E0} = {39FC0C15-170A-3E3F-8892-C0AA0F5925E0}
	EndProjectSection
EndProject
Project("{8BC9CEB8-8B4A-11D0-8D11-00A0C91BC942}") = "timer", "examples\timer.vcxproj", "{44467261-9CC3-3295-B561-F7E81ABDB076}"
	ProjectSection(ProjectDependencies) = postProject
		{D7B1DD99-4D04-3851-AEBD-31EC3AEAA308} = {D7B1DD99-4D04-3851-AEBD-31EC3AEAA308}
		{39FC0C15-170A-3E3F-8892-C0AA0F5925E0} = {39FC0C15-170A-3E3F-8892-C0AA0F5925E0}
	EndProjectSection
EndProject
Global
	GlobalSection(SolutionConfigurationPlatforms) = preSolution
		Debug|Win32 = Debug|Win32
		Debug|x64 = Debug|x64
		Debug|x86 = Debug|x86
		MinSizeRel|Win32 = MinSizeRel|Win32
		MinSizeRel|x64 = MinSizeRel|x64
		MinSizeRel|x86 = MinSizeRel|x86
		Release|Win32 = Release|Win32
		Release|x64 = Release|x64
		Release|x86 = Release|x86
		RelWithDebInfo|Win32 = RelWithDebInfo|Win32
		RelWithDebInfo|x64 = RelWithDebInfo|x64
		RelWithDebInfo|x86 = RelWithDebInfo|x86
	EndGlobalSection
	GlobalSection(ProjectConfigurationPlatforms) = postSolution
		{3524B678-05EF-3CA3-88D8-ADFDD90F6086}.Debug|Win32.ActiveCfg = Debug|x64
		{3524B678-05EF-3CA3-88D8-ADFDD90F6086}.Debug|x64.ActiveCfg = Debug|x64
		{3524B678-05EF-3CA3-88D8-ADFDD90F6086}.Debug|x86.ActiveCfg = Debug|x64
		{3524B678-05EF-3CA3-88D8-ADFDD90F6086}.MinSizeRel|Win32.ActiveCfg = MinSizeRel|x64
		{3524B678-05EF-3CA3-88D8-ADFDD90F6086}.MinSizeRel|x64.ActiveCfg = MinSizeRel|x64
		{3524B678-05EF-3CA3-88D8-ADFDD90F6086}.MinSizeRel|x86.ActiveCfg = MinSizeRel|x64
		{3524B678-05EF-3CA3-88D8-ADFDD90F6086}.Release|Win32.ActiveCfg = Release|x64
		{3524B678-05EF-3CA3-88D8-ADFDD90F6086}.Release|x64.ActiveCfg = Release|x64
		{3524B678-05EF-3CA3-88D8-ADFDD90F6086}.Release|x86.ActiveCfg = Release|x64
		{3524B678-05EF-3CA3-88D8-ADFDD90F6086}.RelWithDebInfo|Win32.ActiveCfg = RelWithDebInfo|x64
		{3524B678-05EF-3CA3-88D8-ADFDD90F6086}.RelWithDebInfo|x64.ActiveCfg = RelWithDebInfo|x64
		{3524B678-05EF-3CA3-88D8-ADFDD90F6086}.RelWithDebInfo|x86.ActiveCfg = RelWithDebInfo|x64
		{D7B1DD99-4D04-3851-AEBD-31EC3AEAA308}.Debug|Win32.ActiveCfg = Debug|x64
		{D7B1DD99-4D04-3851-AEBD-31EC3AEAA308}.Debug|x64.ActiveCfg = Debug|x64
		{D7B1DD99-4D04-3851-AEBD-31EC3AEAA308}.Debug|x64.Build.0 = Debug|x64
		{D7B1DD99-4D04-3851-AEBD-31EC3AEAA308}.Debug|x86.ActiveCfg = Debug|x64
		{D7B1DD99-4D04-3851-AEBD-31EC3AEAA308}.MinSizeRel|Win32.ActiveCfg = MinSizeRel|x64
		{D7B1DD99-4D04-3851-AEBD-31EC3AEAA308}.MinSizeRel|x64.ActiveCfg = MinSizeRel|x64
		{D7B1DD99-4D04-3851-AEBD-31EC3AEAA308}.MinSizeRel|x64.Build.0 = MinSizeRel|x64
		{D7B1DD99-4D04-3851-AEBD-31EC3AEAA308}.MinSizeRel|x86.ActiveCfg = MinSizeRel|x64
		{D7B1DD99-4D04-3851-AEBD-31EC3AEAA308}.Release|Win32.ActiveCfg = Release|x64
		{D7B1DD99-4D04-3851-AEBD-31EC3AEAA308}.Release|x64.ActiveCfg = Release|x64
		{D7B1DD99-4D04-3851-AEBD-31EC3AEAA308}.Release|x64.Build.0 = Release|x64
		{D7B1DD99-4D04-3851-AEBD-31EC3AEAA308}.Release|x86.ActiveCfg = Release|x64
		{D7B1DD99-4D04-3851-AEBD-31EC3AEAA308}.RelWithDebInfo|Win32.ActiveCfg = RelWithDebInfo|x64
		{D7B1DD99-4D04-3851-AEBD-31EC3AEAA308}.RelWithDebInfo|x64.ActiveCfg = RelWithDebInfo|x64
		{D7B1DD99-4D04-3851-AEBD-31EC3AEAA308}.RelWithDebInfo|x64.Build.0 = RelWithDebInfo|x64
		{D7B1DD99-4D04-3851-AEBD-31EC3AEAA308}.RelWithDebInfo|x86.ActiveCfg = RelWithDebInfo|x64
		{421B4F1A-512A-34CE-8BD7-4691F72E3553}.Debug|Win32.ActiveCfg = Debug|x64
		{421B4F1A-512A-34CE-8BD7-4691F72E3553}.Debug|x64.ActiveCfg = Debug|x64
		{421B4F1A-512A-34CE-8BD7-4691F72E3553}.Debug|x64.Build.0 = Debug|x64
		{421B4F1A-512A-34CE-8BD7-4691F72E3553}.Debug|x86.ActiveCfg = Debug|x64
		{421B4F1A-512A-34CE-8BD7-4691F72E3553}.MinSizeRel|Win32.ActiveCfg = MinSizeRel|x64
		{421B4F1A-512A-34CE-8BD7-4691F72E3553}.MinSizeRel|x64.ActiveCfg = MinSizeRel|x64
		{421B4F1A-512A-34CE-8BD7-4691F72E3553}.MinSizeRel|x64.Build.0 = MinSizeRel|x64
		{421B4F1A-512A-34CE-8BD7-4691F72E3553}.MinSizeRel|x86.ActiveCfg = MinSizeRel|x64
		{421B4F1A-512A-34CE-8BD7-4691F72E3553}.Release|Win32.ActiveCfg = Release|x64
		{421B4F1A-512A-34CE-8BD7-4691F72E3553}.Release|x64.ActiveCfg = Release|x64
		{421B4F1A-512A-34CE-8BD7-4691F72E3553}.Release|x64.Build.0 = Release|x64
		{421B4F1A-512A-34CE-8BD7-4691F72E3553}.Release|x86.ActiveCfg = Release|x64
		{421B4F1A-512A-34CE-8BD7-4691F72E3553}.RelWithDebInfo|Win32.ActiveCfg = RelWithDebInfo|x64
		{421B4F1A-512A-34CE-8BD7-4691F72E3553}.RelWithDebInfo|x64.ActiveCfg = RelWithDebInfo|x64
		{421B4F1A-512A-34CE-8BD7-4691F72E3553}.RelWithDebInfo|x64.Build.0 = RelWithDebInfo|x64
		{421B4F1A-512A-34CE-8BD7-4691F72E3553}.RelWithDebInfo|x86.ActiveCfg = RelWithDebInfo|x64
		{885D7919-7651-3D17-B495-A06830F6F701}.Debug|Win32.ActiveCfg = Debug|x64
		{885D7919-7651-3D17-B495-A06830F6F701}.Debug|x64.ActiveCfg = Debug|x64
		{885D7919-7651-3D17-B495-A06830F6F701}.Debug|x64.Build.0 = Debug|x64
		{885D7919-7651-3D17-B495-A06830F6F701}.Debug|x86.ActiveCfg = Debug|x64
		{885D7919-7651-3D17-B495-A06830F6F701}.MinSizeRel|Win32.ActiveCfg = MinSizeRel|x64
		{885D7919-7651-3D17-B495-A06830F6F701}.MinSizeRel|x64.ActiveCfg = MinSizeRel|x64
		{885D7919-7651-3D17-B495-A06830F6F701}.MinSizeRel|x64.Build.0 = MinSizeRel|x64
		{885D7919-7651-3D17-B495-A06830F6F701}.MinSizeRel|x86.ActiveCfg = MinSizeRel|x64
		{885D7919-7651-3D17-B495-A06830F6F701}.Release|Win32.ActiveCfg = Release|x64
		{885D7919-7651-3D17-B495-A06830F6F701}.Release|x64.ActiveCfg = Release|x64
		{885D7919-7651-3D17-B495-A06830F6F701}.Release|x64.Build.0 = Release|x64
		{885D7919-7651-3D17-B495-A06830F6F701}.Release|x86.ActiveCfg = Release|x64
		{885D7919-7651-3D17-B495-A06830F6F701}.RelWithDebInfo|Win32.ActiveCfg = RelWithDebInfo|x64
		{885D7919-7651-3D17-B495-A06830F6F701}.RelWithDebInfo|x64.ActiveCfg = RelWithDebInfo|x64
		{885D7919-7651-3D17-B495-A06830F6F701}.RelWithDebInfo|x64.Build.0 = RelWithDebInfo|x64
		{885D7919-7651-3D17-B495-A06830F6F701}.RelWithDebInfo|x86.ActiveCfg = RelWithDebInfo|x64
		{94B95AC1-8A6B-35CD-8D7B-5BA15FD86D04}.Debug|Win32.ActiveCfg = Debug|x64
		{94B95AC1-8A6B-35CD-8D7B-5BA15FD86D04}.Debug|x64.ActiveCfg = Debug|x64
		{94B95AC1-8A6B-35CD-8D7B-5BA15FD86D04}.Debug|x64.Build.0 = Debug|x64
		{94B95AC1-8A6B-35CD-8D7B-5BA15FD86D04}.Debug|x86.ActiveCfg = Debug|x64
		{94B95AC1-8A6B-35CD-8D7B-5BA15FD86D04}.MinSizeRel|Win32.ActiveCfg = MinSizeRel|x64
		{94B95AC1-8A6B-35CD-8D7B-5BA15FD86D04}.MinSizeRel|x64.ActiveCfg = MinSizeRel|x64
		{94B95AC1-8A6B-35CD-8D7B-5BA15FD86D04}.MinSizeRel|x64.Build.0 = MinSizeRel|x64
		{94B95AC1-8A6B-35CD-8D7B-5BA15FD86D04}.MinSizeRel|x86.ActiveCfg = MinSizeRel|x64
		{94B95AC1-8A6B-35CD-8D7B-5BA15FD86D04}.Release|Win32.ActiveCfg = Release|x64
		{94B95AC1-8A6B-35CD-8D7B-5BA15FD86D04}.Release|x64.ActiveCfg = Release|x64
		{94B95AC1-8A6B-35CD-8D7B-5BA15FD86D04}.Release|x64.Build.0 = Release|x64
		{94B95AC1-8A6B-35CD-8D7B-5BA15FD86D04}.Release|x86.ActiveCfg = Release|x64
		{94B95AC1-8A6B-35CD-8D7B-5BA15FD86D04}.RelWithDebInfo|Win32.ActiveCfg = RelWithDebInfo|x64
		{94B95AC1-8A6B-35CD-8D7B-5BA15FD86D04}.RelWithDebInfo|x64.ActiveCfg = RelWithDebInfo|x64
		{94B95AC1-8A6B-35CD-8D7B-5BA15FD86D04}.RelWithDebInfo|x64.Build.0 = RelWithDebInfo|x64
		{94B95AC1-8A6B-35CD-8D7B-5BA15FD86D04}.RelWithDebInfo|x86.ActiveCfg = RelWithDebInfo|x64
		{843F209D-0837-3890-94C5-53BB3DEC22A6}.Debug|Win32.ActiveCfg = Debug|x64
		{843F209D-0837-3890-94C5-53BB3DEC22A6}.Debug|x64.ActiveCfg = Debug|x64
		{843F209D-0837-3890-94C5-53BB3DEC22A6}.Debug|x64.Build.0 = Debug|x64
		{843F209D-0837-3890-94C5-53BB3DEC22A6}.Debug|x86.ActiveCfg = Debug|x64
		{843F209D-0837-3890-94C5-53BB3DEC22A6}.MinSizeRel|Win32.ActiveCfg = MinSizeRel|x64
		{843F209D-0837-3890-94C5-53BB3DEC22A6}.MinSizeRel|x64.ActiveCfg = MinSizeRel|x64
		{843F209D-0837-3890-94C5-53BB3DEC22A6}.MinSizeRel|x64.Build.0 = MinSizeRel|x64
		{843F209D-0837-3890-94C5-53BB3DEC22A6}.MinSizeRel|x86.ActiveCfg = MinSizeRel|x64
		{843F209D-0837-3890-94C5-53BB3DEC22A6}.Release|Win32.ActiveCfg = Release|x64
		{843F209D-0837-3890-94C5-53BB3DEC22A6}.Release|x64.ActiveCfg = Release|x64
		{843F209D-0837-3890-94C5-53BB3DEC22A6}.Release|x64.Build.0 = Release|x64
		{843F209D-0837-3890-94C5-53BB3DEC22A6}.Release|x86.ActiveCfg = Release|x64
		{843F209D-0837-3890-94C5-53BB3DEC22A6}.RelWithDebInfo|Win32.ActiveCfg = RelWithDebInfo|x64
		{843F209D-0837-3890-94C5-53BB3DEC22A6}.RelWithDebInfo|x64.ActiveCfg = RelWithDebInfo|x64
		{843F209D-0837-3890-94C5-53BB3DEC22A6}.RelWithDebInfo|x64.Build.0 = RelWithDebInfo|x64
		{843F209D-0837-3890-94C5-53BB3DEC22A6}.RelWithDebInfo|x86.ActiveCfg = RelWithDebInfo|x64
		{96C8B5CB-FBD9-3F78-999D-C519BFF06C8A}.Debug|Win32.ActiveCfg = Debug|x64
		{96C8B5CB-FBD9-3F78-999D-C519BFF06C8A}.Debug|x64.ActiveCfg = Debug|x64
		{96C8B5CB-FBD9-3F78-999D-C519BFF06C8A}.Debug|x86.ActiveCfg = Debug|x64
		{96C8B5CB-FBD9-3F78-999D-C519BFF06C8A}.MinSizeRel|Win32.ActiveCfg = MinSizeRel|x64
		{96C8B5CB-FBD9-3F78-999D-C519BFF06C8A}.MinSizeRel|x64.ActiveCfg = MinSizeRel|x64
		{96C8B5CB-FBD9-3F78-999D-C519BFF06C8A}.MinSizeRel|x86.ActiveCfg = MinSizeRel|x64
		{96C8B5CB-FBD9-3F78-999D-C519BFF06C8A}.Release|Win32.ActiveCfg = Release|x64
		{96C8B5CB-FBD9-3F78-999D-C519BFF06C8A}.Release|x64.ActiveCfg = Release|x64
		{96C8B5CB-FBD9-3F78-999D-C519BFF06C8A}.Release|x86.ActiveCfg = Release|x64
		{96C8B5CB-FBD9-3F78-999D-C519BFF06C8A}.RelWithDebInfo|Win32.ActiveCfg = RelWithDebInfo|x64
		{96C8B5CB-FBD9-3F78-999D-C519BFF06C8A}.RelWithDebInfo|x64.ActiveCfg = RelWithDebInfo|x64
		{96C8B5CB-FBD9-3F78-999D-C519BFF06C8A}.RelWithDebInfo|x86.ActiveCfg = RelWithDebInfo|x64
		{1C3FE3F6-27F2-39E4-9101-BE46A3F3F1C0}.Debug|Win32.ActiveCfg = Debug|x64
		{1C3FE3F6-27F2-39E4-9101-BE46A3F3F1C0}.Debug|x64.ActiveCfg = Debug|x64
		{1C3FE3F6-27F2-39E4-9101-BE46A3F3F1C0}.Debug|x64.Build.0 = Debug|x64
		{1C3FE3F6-27F2-39E4-9101-BE46A3F3F1C0}.Debug|x86.ActiveCfg = Debug|x64
		{1C3FE3F6-27F2-39E4-9101-BE46A3F3F1C0}.MinSizeRel|Win32.ActiveCfg = MinSizeRel|x64
		{1C3FE3F6-27F2-39E4-9101-BE46A3F3F1C0}.MinSizeRel|x64.ActiveCfg = MinSizeRel|x64
		{1C3FE3F6-27F2-39E4-9101-BE46A3F3F1C0}.MinSizeRel|x64.Build.0 = MinSizeRel|x64
		{1C3FE3F6-27F2-39E4-9101-BE46A3F3F1C0}.MinSizeRel|x86.ActiveCfg = MinSizeRel|x64
		{1C3FE3F6-27F2-39E4-9101-BE46A3F3F1C0}.Release|Win32.ActiveCfg = Release|x64
		{1C3FE3F6-27F2-39E4-9101-BE46A3F3F1C0}.Release|x64.ActiveCfg = Release|x64
		{1C3FE3F6-27F2-39E4-9101-BE46A3F3F1C0}.Release|x64.Build.0 = Release|x64
		{1C3FE3F6-27F2-39E4-9101-BE46A3F3F1C0}.Release|x86.ActiveCfg = Release|x64
		{1C3FE3F6-27F2-39E4-9101-BE46A3F3F1C0}.RelWithDebInfo|Win32.ActiveCfg = RelWithDebInfo|x64
		{1C3FE3F6-27F2-39E4-9101-BE46A3F3F1C0}.RelWithDebInfo|x64.ActiveCfg = RelWithDebInfo|x64
		{1C3FE3F6-27F2-39E4-9101-BE46A3F3F1C0}.RelWithDebInfo|x64.Build.0 = RelWithDebInfo|x64
		{1C3FE3F6-27F2-39E4-9101-BE46A3F3F1C0}.RelWithDebInfo|x86.ActiveCfg = RelWithDebInfo|x64
		{39FC0C15-170A-3E3F-8892-C0AA0F5925E0}.Debug|Win32.ActiveCfg = Debug|x64
		{39FC0C15-170A-3E3F-8892-C0AA0F5925E0}.Debug|x64.ActiveCfg = Debug|x64
		{39FC0C15-170A-3E3F-8892-C0AA0F5925E0}.Debug|x64.Build.0 = Debug|x64
		{39FC0C15-170A-3E3F-8892-C0AA0F5925E0}.Debug|x86.ActiveCfg = Debug|Win32
		{39FC0C15-170A-3E3F-8892-C0AA0F5925E0}.Debug|x86.Build.0 = Debug|Win32
		{39FC0C15-170A-3E3F-8892-C0AA0F5925E0}.MinSizeRel|Win32.ActiveCfg = MinSizeRel|Win32
		{39FC0C15-170A-3E3F-8892-C0AA0F5925E0}.MinSizeRel|Win32.Build.0 = MinSizeRel|Win32
		{39FC0C15-170A-3E3F-8892-C0AA0F5925E0}.MinSizeRel|x64.ActiveCfg = MinSizeRel|x64
		{39FC0C15-170A-3E3F-8892-C0AA0F5925E0}.MinSizeRel|x64.Build.0 = MinSizeRel|x64
		{39FC0C15-170A-3E3F-8892-C0AA0F5925E0}.MinSizeRel|x86.ActiveCfg = MinSizeRel|Win32
		{39FC0C15-170A-3E3F-8892-C0AA0F5925E0}.MinSizeRel|x86.Build.0 = MinSizeRel|Win32
		{39FC0C15-170A-3E3F-8892-C0AA0F5925E0}.Release|Win32.ActiveCfg = Release|Win32
		{39FC0C15-170A-3E3F-8892-C0AA0F5925E0}.Release|Win32.Build.0 = Release|Win32
		{39FC0C15-170A-3E3F-8892-C0AA0F5925E0}.Release|x64.ActiveCfg = Release|x64
		{39FC0C15-170A-3E3F-8892-C0AA0F5925E0}.Release|x64.Build.0 = Release|x64
		{39FC0C15-170A-3E3F-8892-C0AA0F5925E0}.Release|x86.ActiveCfg = Release|Win32
		{39FC0C15-170A-3E3F-8892-C0AA0F5925E0}.Release|x86.Build.0 = Release|Win32
		{39FC0C15-170A-3E3F-8892-C0AA0F5925E0}.RelWithDebInfo|Win32.ActiveCfg = RelWithDebInfo|Win32
		{39FC0C15-170A-3E3F-8892-C0AA0F5925E0}.RelWithDebInfo|Win32.Build.0 = RelWithDebInfo|Win32
		{39FC0C15-170A-3E3F-8892-C0AA0F5925E0}.RelWithDebInfo|x64.ActiveCfg = RelWithDebInfo|x64
		{39FC0C15-170A-3E3F-8892-C0AA0F5925E0}.RelWithDebInfo|x64.Build.0 = RelWithDebInfo|x64
		{39FC0C15-170A-3E3F-8892-C0AA0F5925E0}.RelWithDebInfo|x86.ActiveCfg = RelWithDebInfo|Win32
		{39FC0C15-170A-3E3F-8892-C0AA0F5925E0}.RelWithDebInfo|x86.Build.0 = RelWithDebInfo|Win32
		{069A04A5-BF9E-3F14-8DED-CA3B5FDF9980}.Debug|Win32.ActiveCfg = Debug|x64
		{069A04A5-BF9E-3F14-8DED-CA3B5FDF9980}.Debug|x64.ActiveCfg = Debug|x64
		{069A04A5-BF9E-3F14-8DED-CA3B5FDF9980}.Debug|x64.Build.0 = Debug|x64
		{069A04A5-BF9E-3F14-8DED-CA3B5FDF9980}.Debug|x86.ActiveCfg = Debug|x64
		{069A04A5-BF9E-3F14-8DED-CA3B5FDF9980}.MinSizeRel|Win32.ActiveCfg = MinSizeRel|x64
		{069A04A5-BF9E-3F14-8DED-CA3B5FDF9980}.MinSizeRel|x64.ActiveCfg = MinSizeRel|x64
		{069A04A5-BF9E-3F14-8DED-CA3B5FDF9980}.MinSizeRel|x64.Build.0 = MinSizeRel|x64
		{069A04A5-BF9E-3F14-8DED-CA3B5FDF9980}.MinSizeRel|x86.ActiveCfg = MinSizeRel|x64
		{069A04A5-BF9E-3F14-8DED-CA3B5FDF9980}.Release|Win32.ActiveCfg = Release|x64
		{069A04A5-BF9E-3F14-8DED-CA3B5FDF9980}.Release|x64.ActiveCfg = Release|x64
		{069A04A5-BF9E-3F14-8DED-CA3B5FDF9980}.Release|x64.Build.0 = Release|x64
		{069A04A5-BF9E-3F14-8DED-CA3B5FDF9980}.Release|x86.ActiveCfg = Release|x64
		{069A04A5-BF9E-3F14-8DED-CA3B5FDF9980}.RelWithDebInfo|Win32.ActiveCfg = RelWithDebInfo|x64
		{069A04A5-BF9E-3F14-8DED-CA3B5FDF9980}.RelWithDebInfo|x64.ActiveCfg = RelWithDebInfo|x64
		{069A04A5-BF9E-3F14-8DED-CA3B5FDF9980}.RelWithDebInfo|x64.Build.0 = RelWithDebInfo|x64
		{069A04A5-BF9E-3F14-8DED-CA3B5FDF9980}.RelWithDebInfo|x86.ActiveCfg = RelWithDebInfo|x64
		{44467261-9CC3-3295-B561-F7E81ABDB076}.Debug|Win32.ActiveCfg = Debug|x64
		{44467261-9CC3-3295-B561-F7E81ABDB076}.Debug|x64.ActiveCfg = Debug|x64
		{44467261-9CC3-3295-B561-F7E81ABDB076}.Debug|x64.Build.0 = Debug|x64
		{44467261-9CC3-3295-B561-F7E81ABDB076}.Debug|x86.ActiveCfg = Debug|x64
		{44467261-9CC3-3295-B561-F7E81ABDB076}.MinSizeRel|Win32.ActiveCfg = MinSizeRel|x64
		{44467261-9CC3-3295-B561-F7E81ABDB076}.MinSizeRel|x64.ActiveCfg = MinSizeRel|x64
		{44467261-9CC3-3295-B561-F7E81ABDB076}.MinSizeRel|x64.Build.0 = MinSizeRel|x64
		{44467261-9CC3-3295-B561-F7E81ABDB076}.MinSizeRel|x86.ActiveCfg = MinSizeRel|x64
		{44467261-9CC3-3295-B561-F7E81ABDB076}.Release|Win32.ActiveCfg = Release|x64
		{44467261-9CC3-3295-B561-F7E81ABDB076}.Release|x64.ActiveCfg = Release|x64
		{44467261-9CC3-3295-B561-F7E81ABDB076}.Release|x64.Build.0 = Release|x64
		{44467261-9CC3-3295-B561-F7E81ABDB076}.Release|x86.ActiveCfg = Release|x64
		{44467261-9CC3-3295-B561-F7E81ABDB076}.RelWithDebInfo|Win32.ActiveCfg = RelWithDebInfo|x64
		{44467261-9CC3-3295-B561-F7E81ABDB076}.RelWithDebInfo|x64.ActiveCfg = RelWithDebInfo|x64
		{44467261-9CC3-3295-B561-F7E81ABDB076}.RelWithDebInfo|x64.Build.0 = RelWithDebInfo|x64
		{44467261-9CC3-3295-B561-F7E81ABDB076}.RelWithDebInfo|x86.ActiveCfg = RelWithDebInfo|x64
	EndGlobalSection
	GlobalSection(SolutionProperties) = preSolution
		HideSolutionNode = FALSE
	EndGlobalSection
	GlobalSection(ExtensibilityGlobals) = postSolution
		SolutionGuid = {FF72B258-DFB9-3476-B237-FD1C1AA82A11}
	EndGlobalSection
EndGlobal
